
Microsoft Visual Studio Solution File, Format Version 12.00
# Visual Studio Version 16
VisualStudioVersion = 16.0.30002.166
MinimumVisualStudioVersion = 10.0.40219.1
Project("{FAE04EC0-301F-11D3-BF4B-00C04F79EFBC}") = "SimpleAlgorithms", "SimpleAlgorithms\SimpleAlgorithms.csproj", "{A2E8A723-1CE0-489F-829A-54913CD7A913}"
EndProject
Project("{FAE04EC0-301F-11D3-BF4B-00C04F79EFBC}") = "SimpleAlgorithmsTests", "SimpleAlgorithmsTests\SimpleAlgorithmsTests.csproj", "{A1759DDD-ED7A-4E28-8BA7-4C8AAEB7164C}"
EndProject
Global
	GlobalSection(SolutionConfigurationPlatforms) = preSolution
		Debug|Any CPU = Debug|Any CPU
		Release|Any CPU = Release|Any CPU
	EndGlobalSection
	GlobalSection(ProjectConfigurationPlatforms) = postSolution
		{A2E8A723-1CE0-489F-829A-54913CD7A913}.Debug|Any CPU.ActiveCfg = Debug|Any CPU
		{A2E8A723-1CE0-489F-829A-54913CD7A913}.Debug|Any CPU.Build.0 = Debug|Any CPU
		{A2E8A723-1CE0-489F-829A-54913CD7A913}.Release|Any CPU.ActiveCfg = Release|Any CPU
		{A2E8A723-1CE0-489F-829A-54913CD7A913}.Release|Any CPU.Build.0 = Release|Any CPU
		{A1759DDD-ED7A-4E28-8BA7-4C8AAEB7164C}.Debug|Any CPU.ActiveCfg = Debug|Any CPU
		{A1759DDD-ED7A-4E28-8BA7-4C8AAEB7164C}.Debug|Any CPU.Build.0 = Debug|Any CPU
		{A1759DDD-ED7A-4E28-8BA7-4C8AAEB7164C}.Release|Any CPU.ActiveCfg = Release|Any CPU
		{A1759DDD-ED7A-4E28-8BA7-4C8AAEB7164C}.Release|Any CPU.Build.0 = Release|Any CPU
	EndGlobalSection
	GlobalSection(SolutionProperties) = preSolution
		HideSolutionNode = FALSE
	EndGlobalSection
	GlobalSection(ExtensibilityGlobals) = postSolution
		SolutionGuid = {6FE92A23-44A0-4B3A-9B8E-2487BDAAFD4E}
	EndGlobalSection
EndGlobal
